
Microsoft Visual Studio Solution File, Format Version 12.00
# Visual Studio Version 17
VisualStudioVersion = 17.7.34003.232
MinimumVisualStudioVersion = 10.0.40219.1
Project("{8BC9CEB8-8B4A-11D0-8D11-00A0C91BC942}") = "TeleCrap.Server", "TeleCrap.Server\TeleCrap.Server.vcxproj", "{AFDFCDE1-8E82-4601-B00C-C0DE5AAEF654}"
EndProject
Project("{8BC9CEB8-8B4A-11D0-8D11-00A0C91BC942}") = "TeleCrap.Client", "TeleCrap.Client\TeleCrap.Client.vcxproj", "{7806CB86-C233-4BC2-B459-22EE0BC3F093}"
EndProject
Project("{8BC9CEB8-8B4A-11D0-8D11-00A0C91BC942}") = "TeleCrap.Shared", "TeleCrap.Shared\TeleCrap.Shared.vcxproj", "{6D5EC27F-2A9B-4F02-95A1-9B7C08AA34B4}"
EndProject
Project("{8BC9CEB8-8B4A-11D0-8D11-00A0C91BC942}") = "Telecrap.Libs.Sol", "Telecrap.Libs.Sol\Telecrap.Libs.Sol.vcxproj", "{74FEF4A2-170C-4E11-9DC7-3EFD5CC398B9}"
EndProject
Project("{8BC9CEB8-8B4A-11D0-8D11-00A0C91BC942}") = "Telecrap.Libs.SQLite", "Telecrap.Libs.SQLite\Telecrap.Libs.SQLite.vcxproj", "{70B6713C-27F5-4408-8CD6-9AA00ED864D6}"
EndProject
Global
	GlobalSection(SolutionConfigurationPlatforms) = preSolution
		Debug|x64 = Debug|x64
		Debug|x86 = Debug|x86
		Release|x64 = Release|x64
		Release|x86 = Release|x86
	EndGlobalSection
	GlobalSection(ProjectConfigurationPlatforms) = postSolution
		{AFDFCDE1-8E82-4601-B00C-C0DE5AAEF654}.Debug|x64.ActiveCfg = Debug|x64
		{AFDFCDE1-8E82-4601-B00C-C0DE5AAEF654}.Debug|x64.Build.0 = Debug|x64
		{AFDFCDE1-8E82-4601-B00C-C0DE5AAEF654}.Debug|x86.ActiveCfg = Debug|Win32
		{AFDFCDE1-8E82-4601-B00C-C0DE5AAEF654}.Debug|x86.Build.0 = Debug|Win32
		{AFDFCDE1-8E82-4601-B00C-C0DE5AAEF654}.Release|x64.ActiveCfg = Release|x64
		{AFDFCDE1-8E82-4601-B00C-C0DE5AAEF654}.Release|x64.Build.0 = Release|x64
		{AFDFCDE1-8E82-4601-B00C-C0DE5AAEF654}.Release|x86.ActiveCfg = Release|Win32
		{AFDFCDE1-8E82-4601-B00C-C0DE5AAEF654}.Release|x86.Build.0 = Release|Win32
		{7806CB86-C233-4BC2-B459-22EE0BC3F093}.Debug|x64.ActiveCfg = Debug|x64
		{7806CB86-C233-4BC2-B459-22EE0BC3F093}.Debug|x64.Build.0 = Debug|x64
		{7806CB86-C233-4BC2-B459-22EE0BC3F093}.Debug|x86.ActiveCfg = Debug|Win32
		{7806CB86-C233-4BC2-B459-22EE0BC3F093}.Debug|x86.Build.0 = Debug|Win32
		{7806CB86-C233-4BC2-B459-22EE0BC3F093}.Release|x64.ActiveCfg = Release|x64
		{7806CB86-C233-4BC2-B459-22EE0BC3F093}.Release|x64.Build.0 = Release|x64
		{7806CB86-C233-4BC2-B459-22EE0BC3F093}.Release|x86.ActiveCfg = Release|Win32
		{7806CB86-C233-4BC2-B459-22EE0BC3F093}.Release|x86.Build.0 = Release|Win32
		{6D5EC27F-2A9B-4F02-95A1-9B7C08AA34B4}.Debug|x64.ActiveCfg = Debug|x64
		{6D5EC27F-2A9B-4F02-95A1-9B7C08AA34B4}.Debug|x64.Build.0 = Debug|x64
		{6D5EC27F-2A9B-4F02-95A1-9B7C08AA34B4}.Debug|x86.ActiveCfg = Debug|Win32
		{6D5EC27F-2A9B-4F02-95A1-9B7C08AA34B4}.Debug|x86.Build.0 = Debug|Win32
		{6D5EC27F-2A9B-4F02-95A1-9B7C08AA34B4}.Release|x64.ActiveCfg = Release|x64
		{6D5EC27F-2A9B-4F02-95A1-9B7C08AA34B4}.Release|x64.Build.0 = Release|x64
		{6D5EC27F-2A9B-4F02-95A1-9B7C08AA34B4}.Release|x86.ActiveCfg = Release|Win32
		{6D5EC27F-2A9B-4F02-95A1-9B7C08AA34B4}.Release|x86.Build.0 = Release|Win32
		{74FEF4A2-170C-4E11-9DC7-3EFD5CC398B9}.Debug|x64.ActiveCfg = Debug|x64
		{74FEF4A2-170C-4E11-9DC7-3EFD5CC398B9}.Debug|x64.Build.0 = Debug|x64
		{74FEF4A2-170C-4E11-9DC7-3EFD5CC398B9}.Debug|x86.ActiveCfg = Debug|Win32
		{74FEF4A2-170C-4E11-9DC7-3EFD5CC398B9}.Debug|x86.Build.0 = Debug|Win32
		{74FEF4A2-170C-4E11-9DC7-3EFD5CC398B9}.Release|x64.ActiveCfg = Release|x64
		{74FEF4A2-170C-4E11-9DC7-3EFD5CC398B9}.Release|x64.Build.0 = Release|x64
		{74FEF4A2-170C-4E11-9DC7-3EFD5CC398B9}.Release|x86.ActiveCfg = Release|Win32
		{74FEF4A2-170C-4E11-9DC7-3EFD5CC398B9}.Release|x86.Build.0 = Release|Win32
		{70B6713C-27F5-4408-8CD6-9AA00ED864D6}.Debug|x64.ActiveCfg = Debug|x64
		{70B6713C-27F5-4408-8CD6-9AA00ED864D6}.Debug|x64.Build.0 = Debug|x64
		{70B6713C-27F5-4408-8CD6-9AA00ED864D6}.Debug|x86.ActiveCfg = Debug|Win32
		{70B6713C-27F5-4408-8CD6-9AA00ED864D6}.Debug|x86.Build.0 = Debug|Win32
		{70B6713C-27F5-4408-8CD6-9AA00ED864D6}.Release|x64.ActiveCfg = Release|x64
		{70B6713C-27F5-4408-8CD6-9AA00ED864D6}.Release|x64.Build.0 = Release|x64
		{70B6713C-27F5-4408-8CD6-9AA00ED864D6}.Release|x86.ActiveCfg = Release|Win32
		{70B6713C-27F5-4408-8CD6-9AA00ED864D6}.Release|x86.Build.0 = Release|Win32
	EndGlobalSection
	GlobalSection(SolutionProperties) = preSolution
		HideSolutionNode = FALSE
	EndGlobalSection
	GlobalSection(ExtensibilityGlobals) = postSolution
		SolutionGuid = {6DA46889-7F0A-4504-B70B-2347D9AFB101}
	EndGlobalSection
EndGlobal
